
Microsoft Visual Studio Solution File, Format Version 12.00
# Visual Studio Version 17
VisualStudioVersion = 17.12.35527.113
MinimumVisualStudioVersion = 10.0.40219.1
Project("{FAE04EC0-301F-11D3-BF4B-00C04F79EFBC}") = "Task_management_project", "Task_management_project.csproj", "{ABC55264-DA41-49C8-A3C2-9CDA4934D06F}"
EndProject
Project("{FAE04EC0-301F-11D3-BF4B-00C04F79EFBC}") = "Task_management_BusinessLayer", "..\Task_management_BusinessLayer\Task_management_BusinessLayer.csproj", "{95144288-A9B2-40BA-AD08-79631DA380BA}"
EndProject
Project("{FAE04EC0-301F-11D3-BF4B-00C04F79EFBC}") = "Task_management_DataAccessLayer", "..\Task_management_DataAccessLayer\Task_management_DataAccessLayer.csproj", "{058159E8-206F-40F1-8926-7ACFF8B2D8DD}"
EndProject
Global
	GlobalSection(SolutionConfigurationPlatforms) = preSolution
		Debug|Any CPU = Debug|Any CPU
		Release|Any CPU = Release|Any CPU
	EndGlobalSection
	GlobalSection(ProjectConfigurationPlatforms) = postSolution
		{ABC55264-DA41-49C8-A3C2-9CDA4934D06F}.Debug|Any CPU.ActiveCfg = Debug|Any CPU
		{ABC55264-DA41-49C8-A3C2-9CDA4934D06F}.Debug|Any CPU.Build.0 = Debug|Any CPU
		{ABC55264-DA41-49C8-A3C2-9CDA4934D06F}.Release|Any CPU.ActiveCfg = Release|Any CPU
		{ABC55264-DA41-49C8-A3C2-9CDA4934D06F}.Release|Any CPU.Build.0 = Release|Any CPU
		{95144288-A9B2-40BA-AD08-79631DA380BA}.Debug|Any CPU.ActiveCfg = Debug|Any CPU
		{95144288-A9B2-40BA-AD08-79631DA380BA}.Debug|Any CPU.Build.0 = Debug|Any CPU
		{95144288-A9B2-40BA-AD08-79631DA380BA}.Release|Any CPU.ActiveCfg = Release|Any CPU
		{95144288-A9B2-40BA-AD08-79631DA380BA}.Release|Any CPU.Build.0 = Release|Any CPU
		{058159E8-206F-40F1-8926-7ACFF8B2D8DD}.Debug|Any CPU.ActiveCfg = Debug|Any CPU
		{058159E8-206F-40F1-8926-7ACFF8B2D8DD}.Debug|Any CPU.Build.0 = Debug|Any CPU
		{058159E8-206F-40F1-8926-7ACFF8B2D8DD}.Release|Any CPU.ActiveCfg = Release|Any CPU
		{058159E8-206F-40F1-8926-7ACFF8B2D8DD}.Release|Any CPU.Build.0 = Release|Any CPU
	EndGlobalSection
	GlobalSection(SolutionProperties) = preSolution
		HideSolutionNode = FALSE
	EndGlobalSection
EndGlobal
